// !$*UTF8*$!
{
	archiveVersion = 1;
	classes = {
	};
	objectVersion = 77;
	objects = {

/* Begin PBXBuildFile section */
		049E4C67911E1A282DBA9D27 /* CaptureCoordinator.swift in Sources */ = {isa = PBXBuildFile; fileRef = 5CF9DE4F5B6C95D9CE7170B4 /* CaptureCoordinator.swift */; };
		10840328D498AA3608758FF9 /* PreparationView.swift in Sources */ = {isa = PBXBuildFile; fileRef = DA500480B81DB6B18A0B91E4 /* PreparationView.swift */; };
		1E35747E79B51CE62D1352FA /* LocalPlaybackModelTests.swift in Sources */ = {isa = PBXBuildFile; fileRef = 5BE5993A1C97D5BB42DF4F4F /* LocalPlaybackModelTests.swift */; };
		26676C86AA276D478C601726 /* LocalAudioState.swift in Sources */ = {isa = PBXBuildFile; fileRef = 07D7A2D5D2F9D9F78D4016BB /* LocalAudioState.swift */; };
		28BF01FF3D5D080EBF8226DA /* AppConfigurationTests.swift in Sources */ = {isa = PBXBuildFile; fileRef = 4039331EB02D2E501D862C2B /* AppConfigurationTests.swift */; };
		307AD4080336091019CEDB3B /* CaptureProofStoreTests.swift in Sources */ = {isa = PBXBuildFile; fileRef = F0DC23E53EFE91E55691AABA /* CaptureProofStoreTests.swift */; };
		38EC2416D23D7569068403B9 /* AudioRepositoryTests.swift in Sources */ = {isa = PBXBuildFile; fileRef = A1B6BFF14B1117851CF75ED5 /* AudioRepositoryTests.swift */; };
		3D7452EBADD686A951B8D92D /* RecordingView.swift in Sources */ = {isa = PBXBuildFile; fileRef = 8581E5457AE37CF03D6B0510 /* RecordingView.swift */; };
		3F037FD6C69FCD763A46ADD5 /* AIRecorderApp.swift in Sources */ = {isa = PBXBuildFile; fileRef = 1D5458AA565B0F5C2ECED526 /* AIRecorderApp.swift */; };
		51C66B708B47A9281643E92C /* AudioVerifierTests.swift in Sources */ = {isa = PBXBuildFile; fileRef = 0B61D82D5D8C020F96DC18EE /* AudioVerifierTests.swift */; };
		67B353EAA56DB18945CDC8BD /* AudioFileStore.swift in Sources */ = {isa = PBXBuildFile; fileRef = F3511430A0F94FC6C6516A6E /* AudioFileStore.swift */; };
		6FB8D53C5B1BDC3BC34D001F /* OriginalAudioInspectorTests.swift in Sources */ = {isa = PBXBuildFile; fileRef = 32CF9B1E17DA1DFB44591EAF /* OriginalAudioInspectorTests.swift */; };
		76958712A9D76FF103015F71 /* CaptureProofView.swift in Sources */ = {isa = PBXBuildFile; fileRef = 16AC6197143A2BD62F02A269 /* CaptureProofView.swift */; };
		783893EAD23C76DDA3E7F597 /* CaptureProofModel.swift in Sources */ = {isa = PBXBuildFile; fileRef = E23458FF6EB8C35BAA4CE5F6 /* CaptureProofModel.swift */; };
		839665E4B1E2BACD9049F3A4 /* AudioRepository.swift in Sources */ = {isa = PBXBuildFile; fileRef = E78485A020C90E1A3FF2AD01 /* AudioRepository.swift */; };
		A5EDC2F7911518DE03A5CCAF /* MarkerTests.swift in Sources */ = {isa = PBXBuildFile; fileRef = E036DE91B07AD2DAC2724183 /* MarkerTests.swift */; };
		A9A1CE9D116B0B5D72F9CA31 /* AudioItem.swift in Sources */ = {isa = PBXBuildFile; fileRef = A9EFC9A5D70C0D8E59553B02 /* AudioItem.swift */; };
		C093D1215FB6E404E32A4BFF /* OriginalAudioInspector.swift in Sources */ = {isa = PBXBuildFile; fileRef = 411D81D5CBC544E328FDA159 /* OriginalAudioInspector.swift */; };
		C4816B26E9AC38AEFFE941D8 /* AudioVerifier.swift in Sources */ = {isa = PBXBuildFile; fileRef = 676E57AAEE37657E016A8E0A /* AudioVerifier.swift */; };
		CA0ACA3894B5DFECE6E85493 /* RecoveryService.swift in Sources */ = {isa = PBXBuildFile; fileRef = A52F8BFF45583184FED28C58 /* RecoveryService.swift */; };
		CB2CFB0462948499C5CAFE00 /* LocalPlaybackModel.swift in Sources */ = {isa = PBXBuildFile; fileRef = DDD8DD8A2DF5D7BC098A275A /* LocalPlaybackModel.swift */; };
		D370707D8EABDFF92D8F82CF /* Marker.swift in Sources */ = {isa = PBXBuildFile; fileRef = 201520DEE3192BEEB73A664F /* Marker.swift */; };
		D6F248EA92BCC4AC1AC312B9 /* CaptureProofStore.swift in Sources */ = {isa = PBXBuildFile; fileRef = AB6F0B3B547E0ECB297C7012 /* CaptureProofStore.swift */; };
		F351C99542064986CEB58B78 /* FragmentedM4ARecorder.swift in Sources */ = {isa = PBXBuildFile; fileRef = 9CA261ECD24F2772B818C468 /* FragmentedM4ARecorder.swift */; };
		F383A72D04ABA84F23D950DB /* LocalRecordingFlowUITests.swift in Sources */ = {isa = PBXBuildFile; fileRef = 7EB6055BD69074DC7E5EA17E /* LocalRecordingFlowUITests.swift */; };
		F443CD9F96C9D66113BC52F8 /* RootView.swift in Sources */ = {isa = PBXBuildFile; fileRef = 9B51BFA8E55C7516F8A1F08B /* RootView.swift */; };
		F6F71F2275F772BE932F2DF7 /* CaptureCoordinatorTests.swift in Sources */ = {isa = PBXBuildFile; fileRef = 0E8BAAE67271C4AB9F318746 /* CaptureCoordinatorTests.swift */; };
		FCCBC24E984968FF4B1BF3E4 /* AudioDetailView.swift in Sources */ = {isa = PBXBuildFile; fileRef = CB3213EE670293B353A4726A /* AudioDetailView.swift */; };
		FDF5B8ED2EE88C43F1D262EF /* RecoveryServiceTests.swift in Sources */ = {isa = PBXBuildFile; fileRef = 0E4F651A5678E4835FF78069 /* RecoveryServiceTests.swift */; };
/* End PBXBuildFile section */

/* Begin PBXContainerItemProxy section */
		3A498CCEB1785F4D3A6103D8 /* PBXContainerItemProxy */ = {
			isa = PBXContainerItemProxy;
			containerPortal = 7ABACEACAC34A1A358469793 /* Project object */;
			proxyType = 1;
			remoteGlobalIDString = 3FC1662334A1E6DEEAE58A85;
			remoteInfo = AIRecorder;
		};
		4241E72E97CFB04F5535A945 /* PBXContainerItemProxy */ = {
			isa = PBXContainerItemProxy;
			containerPortal = 7ABACEACAC34A1A358469793 /* Project object */;
			proxyType = 1;
			remoteGlobalIDString = 3FC1662334A1E6DEEAE58A85;
			remoteInfo = AIRecorder;
		};
/* End PBXContainerItemProxy section */

/* Begin PBXFileReference section */
		07D7A2D5D2F9D9F78D4016BB /* LocalAudioState.swift */ = {isa = PBXFileReference; lastKnownFileType = sourcecode.swift; path = LocalAudioState.swift; sourceTree = "<group>"; };
		0B61D82D5D8C020F96DC18EE /* AudioVerifierTests.swift */ = {isa = PBXFileReference; lastKnownFileType = sourcecode.swift; path = AudioVerifierTests.swift; sourceTree = "<group>"; };
		0E4F651A5678E4835FF78069 /* RecoveryServiceTests.swift */ = {isa = PBXFileReference; lastKnownFileType = sourcecode.swift; path = RecoveryServiceTests.swift; sourceTree = "<group>"; };
		0E8BAAE67271C4AB9F318746 /* CaptureCoordinatorTests.swift */ = {isa = PBXFileReference; lastKnownFileType = sourcecode.swift; path = CaptureCoordinatorTests.swift; sourceTree = "<group>"; };
		16AC6197143A2BD62F02A269 /* CaptureProofView.swift */ = {isa = PBXFileReference; lastKnownFileType = sourcecode.swift; path = CaptureProofView.swift; sourceTree = "<group>"; };
		1D5458AA565B0F5C2ECED526 /* AIRecorderApp.swift */ = {isa = PBXFileReference; lastKnownFileType = sourcecode.swift; path = AIRecorderApp.swift; sourceTree = "<group>"; };
		201520DEE3192BEEB73A664F /* Marker.swift */ = {isa = PBXFileReference; lastKnownFileType = sourcecode.swift; path = Marker.swift; sourceTree = "<group>"; };
		2774DCA228C896079754FCFB /* Info.plist */ = {isa = PBXFileReference; lastKnownFileType = text.plist; path = Info.plist; sourceTree = "<group>"; };
		2C0572EBE5F21FA165027FDA /* AIRecorderUITests.xctest */ = {isa = PBXFileReference; includeInIndex = 0; lastKnownFileType = wrapper.cfbundle; path = AIRecorderUITests.xctest; sourceTree = BUILT_PRODUCTS_DIR; };
		32CF9B1E17DA1DFB44591EAF /* OriginalAudioInspectorTests.swift */ = {isa = PBXFileReference; lastKnownFileType = sourcecode.swift; path = OriginalAudioInspectorTests.swift; sourceTree = "<group>"; };
		4039331EB02D2E501D862C2B /* AppConfigurationTests.swift */ = {isa = PBXFileReference; lastKnownFileType = sourcecode.swift; path = AppConfigurationTests.swift; sourceTree = "<group>"; };
		411D81D5CBC544E328FDA159 /* OriginalAudioInspector.swift */ = {isa = PBXFileReference; lastKnownFileType = sourcecode.swift; path = OriginalAudioInspector.swift; sourceTree = "<group>"; };
		5BE5993A1C97D5BB42DF4F4F /* LocalPlaybackModelTests.swift */ = {isa = PBXFileReference; lastKnownFileType = sourcecode.swift; path = LocalPlaybackModelTests.swift; sourceTree = "<group>"; };
		5CF9DE4F5B6C95D9CE7170B4 /* CaptureCoordinator.swift */ = {isa = PBXFileReference; lastKnownFileType = sourcecode.swift; path = CaptureCoordinator.swift; sourceTree = "<group>"; };
		676E57AAEE37657E016A8E0A /* AudioVerifier.swift */ = {isa = PBXFileReference; lastKnownFileType = sourcecode.swift; path = AudioVerifier.swift; sourceTree = "<group>"; };
		7EB6055BD69074DC7E5EA17E /* LocalRecordingFlowUITests.swift */ = {isa = PBXFileReference; lastKnownFileType = sourcecode.swift; path = LocalRecordingFlowUITests.swift; sourceTree = "<group>"; };
		8581E5457AE37CF03D6B0510 /* RecordingView.swift */ = {isa = PBXFileReference; lastKnownFileType = sourcecode.swift; path = RecordingView.swift; sourceTree = "<group>"; };
		9B51BFA8E55C7516F8A1F08B /* RootView.swift */ = {isa = PBXFileReference; lastKnownFileType = sourcecode.swift; path = RootView.swift; sourceTree = "<group>"; };
		9CA261ECD24F2772B818C468 /* FragmentedM4ARecorder.swift */ = {isa = PBXFileReference; lastKnownFileType = sourcecode.swift; path = FragmentedM4ARecorder.swift; sourceTree = "<group>"; };
		A1B6BFF14B1117851CF75ED5 /* AudioRepositoryTests.swift */ = {isa = PBXFileReference; lastKnownFileType = sourcecode.swift; path = AudioRepositoryTests.swift; sourceTree = "<group>"; };
		A52F8BFF45583184FED28C58 /* RecoveryService.swift */ = {isa = PBXFileReference; lastKnownFileType = sourcecode.swift; path = RecoveryService.swift; sourceTree = "<group>"; };
		A8BCB8715EFCC564DE9259F4 /* AIRecorderTests.xctest */ = {isa = PBXFileReference; includeInIndex = 0; lastKnownFileType = wrapper.cfbundle; path = AIRecorderTests.xctest; sourceTree = BUILT_PRODUCTS_DIR; };
		A9EFC9A5D70C0D8E59553B02 /* AudioItem.swift */ = {isa = PBXFileReference; lastKnownFileType = sourcecode.swift; path = AudioItem.swift; sourceTree = "<group>"; };
		AB6F0B3B547E0ECB297C7012 /* CaptureProofStore.swift */ = {isa = PBXFileReference; lastKnownFileType = sourcecode.swift; path = CaptureProofStore.swift; sourceTree = "<group>"; };
		B17DEF72ABE23ECB8D02A3FD /* AIRecorder.app */ = {isa = PBXFileReference; includeInIndex = 0; lastKnownFileType = wrapper.application; path = AIRecorder.app; sourceTree = BUILT_PRODUCTS_DIR; };
		CB3213EE670293B353A4726A /* AudioDetailView.swift */ = {isa = PBXFileReference; lastKnownFileType = sourcecode.swift; path = AudioDetailView.swift; sourceTree = "<group>"; };
		DA500480B81DB6B18A0B91E4 /* PreparationView.swift */ = {isa = PBXFileReference; lastKnownFileType = sourcecode.swift; path = PreparationView.swift; sourceTree = "<group>"; };
		DDD8DD8A2DF5D7BC098A275A /* LocalPlaybackModel.swift */ = {isa = PBXFileReference; lastKnownFileType = sourcecode.swift; path = LocalPlaybackModel.swift; sourceTree = "<group>"; };
		E036DE91B07AD2DAC2724183 /* MarkerTests.swift */ = {isa = PBXFileReference; lastKnownFileType = sourcecode.swift; path = MarkerTests.swift; sourceTree = "<group>"; };
		E23458FF6EB8C35BAA4CE5F6 /* CaptureProofModel.swift */ = {isa = PBXFileReference; lastKnownFileType = sourcecode.swift; path = CaptureProofModel.swift; sourceTree = "<group>"; };
		E78485A020C90E1A3FF2AD01 /* AudioRepository.swift */ = {isa = PBXFileReference; lastKnownFileType = sourcecode.swift; path = AudioRepository.swift; sourceTree = "<group>"; };
		F0DC23E53EFE91E55691AABA /* CaptureProofStoreTests.swift */ = {isa = PBXFileReference; lastKnownFileType = sourcecode.swift; path = CaptureProofStoreTests.swift; sourceTree = "<group>"; };
		F3511430A0F94FC6C6516A6E /* AudioFileStore.swift */ = {isa = PBXFileReference; lastKnownFileType = sourcecode.swift; path = AudioFileStore.swift; sourceTree = "<group>"; };
/* End PBXFileReference section */

/* Begin PBXGroup section */
		194D75E8682F2DD1826D6401 /* Persistence */ = {
			isa = PBXGroup;
			children = (
				A9EFC9A5D70C0D8E59553B02 /* AudioItem.swift */,
				E78485A020C90E1A3FF2AD01 /* AudioRepository.swift */,
				07D7A2D5D2F9D9F78D4016BB /* LocalAudioState.swift */,
				201520DEE3192BEEB73A664F /* Marker.swift */,
			);
			path = Persistence;
			sourceTree = "<group>";
		};
		1EE69698FC67F5B96507680D /* Features */ = {
			isa = PBXGroup;
			children = (
				5BCA906DA0BE4F583241E641 /* AudioDetail */,
				C15C1C15B4CBF5E10A3DD39A /* Preparation */,
				BB361B8E4C34ECC930EE821A /* Recording */,
			);
			path = Features;
			sourceTree = "<group>";
		};
		25AF089628B6BCB5ABBD561B /* Capture */ = {
			isa = PBXGroup;
			children = (
				0E8BAAE67271C4AB9F318746 /* CaptureCoordinatorTests.swift */,
			);
			path = Capture;
			sourceTree = "<group>";
		};
		2F9423BE9113C743AD8AB53B = {
			isa = PBXGroup;
			children = (
				4A86778B1FD490BA945D0B06 /* AIRecorder */,
				EB37F1C91C619025B25364B7 /* AIRecorderTests */,
				8171B09165585DA23E56391D /* Products */,
			);
			sourceTree = "<group>";
		};
		40CADF17F531EBF0F6741379 /* CaptureProof */ = {
			isa = PBXGroup;
			children = (
				4039331EB02D2E501D862C2B /* AppConfigurationTests.swift */,
				F0DC23E53EFE91E55691AABA /* CaptureProofStoreTests.swift */,
				32CF9B1E17DA1DFB44591EAF /* OriginalAudioInspectorTests.swift */,
			);
			path = CaptureProof;
			sourceTree = "<group>";
		};
		42CA268442A052355AA74DC7 /* Persistence */ = {
			isa = PBXGroup;
			children = (
				A1B6BFF14B1117851CF75ED5 /* AudioRepositoryTests.swift */,
				E036DE91B07AD2DAC2724183 /* MarkerTests.swift */,
			);
			path = Persistence;
			sourceTree = "<group>";
		};
		4A86778B1FD490BA945D0B06 /* AIRecorder */ = {
			isa = PBXGroup;
			children = (
				C7FC5E9942980209EF77D8D1 /* App */,
				FE5FB0828015FC3C11A2CCC8 /* Capture */,
				8D4977F1FFF524BDDDD22E94 /* CaptureProof */,
				1EE69698FC67F5B96507680D /* Features */,
				194D75E8682F2DD1826D6401 /* Persistence */,
				86EA99FD9CAC603CFB7876AC /* Storage */,
			);
			path = AIRecorder;
			sourceTree = "<group>";
		};
		51E347AD894473972776394D /* UI */ = {
			isa = PBXGroup;
			children = (
				7EB6055BD69074DC7E5EA17E /* LocalRecordingFlowUITests.swift */,
			);
			path = UI;
			sourceTree = "<group>";
		};
		5BCA906DA0BE4F583241E641 /* AudioDetail */ = {
			isa = PBXGroup;
			children = (
				CB3213EE670293B353A4726A /* AudioDetailView.swift */,
				DDD8DD8A2DF5D7BC098A275A /* LocalPlaybackModel.swift */,
			);
			path = AudioDetail;
			sourceTree = "<group>";
		};
		5E8D2EFCB7CB4D0F6C63E0A3 /* Storage */ = {
			isa = PBXGroup;
			children = (
				0B61D82D5D8C020F96DC18EE /* AudioVerifierTests.swift */,
				0E4F651A5678E4835FF78069 /* RecoveryServiceTests.swift */,
			);
			path = Storage;
			sourceTree = "<group>";
		};
		8171B09165585DA23E56391D /* Products */ = {
			isa = PBXGroup;
			children = (
				B17DEF72ABE23ECB8D02A3FD /* AIRecorder.app */,
				A8BCB8715EFCC564DE9259F4 /* AIRecorderTests.xctest */,
				2C0572EBE5F21FA165027FDA /* AIRecorderUITests.xctest */,
			);
			name = Products;
			sourceTree = "<group>";
		};
		86EA99FD9CAC603CFB7876AC /* Storage */ = {
			isa = PBXGroup;
			children = (
				F3511430A0F94FC6C6516A6E /* AudioFileStore.swift */,
				676E57AAEE37657E016A8E0A /* AudioVerifier.swift */,
				A52F8BFF45583184FED28C58 /* RecoveryService.swift */,
			);
			path = Storage;
			sourceTree = "<group>";
		};
		8D4977F1FFF524BDDDD22E94 /* CaptureProof */ = {
			isa = PBXGroup;
			children = (
				E23458FF6EB8C35BAA4CE5F6 /* CaptureProofModel.swift */,
				AB6F0B3B547E0ECB297C7012 /* CaptureProofStore.swift */,
				16AC6197143A2BD62F02A269 /* CaptureProofView.swift */,
				9CA261ECD24F2772B818C468 /* FragmentedM4ARecorder.swift */,
				411D81D5CBC544E328FDA159 /* OriginalAudioInspector.swift */,
			);
			path = CaptureProof;
			sourceTree = "<group>";
		};
		976BEB23700CA05D8A4C45EF /* Features */ = {
			isa = PBXGroup;
			children = (
				5BE5993A1C97D5BB42DF4F4F /* LocalPlaybackModelTests.swift */,
			);
			path = Features;
			sourceTree = "<group>";
		};
		BB361B8E4C34ECC930EE821A /* Recording */ = {
			isa = PBXGroup;
			children = (
				8581E5457AE37CF03D6B0510 /* RecordingView.swift */,
			);
			path = Recording;
			sourceTree = "<group>";
		};
		C15C1C15B4CBF5E10A3DD39A /* Preparation */ = {
			isa = PBXGroup;
			children = (
				DA500480B81DB6B18A0B91E4 /* PreparationView.swift */,
			);
			path = Preparation;
			sourceTree = "<group>";
		};
		C7FC5E9942980209EF77D8D1 /* App */ = {
			isa = PBXGroup;
			children = (
				1D5458AA565B0F5C2ECED526 /* AIRecorderApp.swift */,
				2774DCA228C896079754FCFB /* Info.plist */,
				9B51BFA8E55C7516F8A1F08B /* RootView.swift */,
			);
			path = App;
			sourceTree = "<group>";
		};
		EB37F1C91C619025B25364B7 /* AIRecorderTests */ = {
			isa = PBXGroup;
			children = (
				25AF089628B6BCB5ABBD561B /* Capture */,
				40CADF17F531EBF0F6741379 /* CaptureProof */,
				976BEB23700CA05D8A4C45EF /* Features */,
				42CA268442A052355AA74DC7 /* Persistence */,
				5E8D2EFCB7CB4D0F6C63E0A3 /* Storage */,
				51E347AD894473972776394D /* UI */,
			);
			path = AIRecorderTests;
			sourceTree = "<group>";
		};
		FE5FB0828015FC3C11A2CCC8 /* Capture */ = {
			isa = PBXGroup;
			children = (
				5CF9DE4F5B6C95D9CE7170B4 /* CaptureCoordinator.swift */,
			);
			path = Capture;
			sourceTree = "<group>";
		};
/* End PBXGroup section */

/* Begin PBXNativeTarget section */
		3FC1662334A1E6DEEAE58A85 /* AIRecorder */ = {
			isa = PBXNativeTarget;
			buildConfigurationList = 9CECE7632899B1F7A4C600C0 /* Build configuration list for PBXNativeTarget "AIRecorder" */;
			buildPhases = (
				467CDE8A92A9F6F58DDEEBE0 /* Sources */,
			);
			buildRules = (
			);
			dependencies = (
			);
			name = AIRecorder;
			packageProductDependencies = (
			);
			productName = AIRecorder;
			productReference = B17DEF72ABE23ECB8D02A3FD /* AIRecorder.app */;
			productType = "com.apple.product-type.application";
		};
		6F2595D29F8CF340FA5019F3 /* AIRecorderTests */ = {
			isa = PBXNativeTarget;
			buildConfigurationList = 332FAF10E997D779BE7C831D /* Build configuration list for PBXNativeTarget "AIRecorderTests" */;
			buildPhases = (
				7DAF59102DDA899BEB5F72EA /* Sources */,
			);
			buildRules = (
			);
			dependencies = (
				5EC01A4AB85C850E6B1DEA84 /* PBXTargetDependency */,
			);
			name = AIRecorderTests;
			packageProductDependencies = (
			);
			productName = AIRecorderTests;
			productReference = A8BCB8715EFCC564DE9259F4 /* AIRecorderTests.xctest */;
			productType = "com.apple.product-type.bundle.unit-test";
		};
		DB2EB0DCAA6C1CA736C252F8 /* AIRecorderUITests */ = {
			isa = PBXNativeTarget;
			buildConfigurationList = A6E37FC1EF4C6213A8BD2D1F /* Build configuration list for PBXNativeTarget "AIRecorderUITests" */;
			buildPhases = (
				D3F1FE8B7621B93EB274ADCA /* Sources */,
			);
			buildRules = (
			);
			dependencies = (
				02A4C27682E5665EAD80F99D /* PBXTargetDependency */,
			);
			name = AIRecorderUITests;
			packageProductDependencies = (
			);
			productName = AIRecorderUITests;
			productReference = 2C0572EBE5F21FA165027FDA /* AIRecorderUITests.xctest */;
			productType = "com.apple.product-type.bundle.ui-testing";
		};
/* End PBXNativeTarget section */

/* Begin PBXProject section */
		7ABACEACAC34A1A358469793 /* Project object */ = {
			isa = PBXProject;
			attributes = {
				BuildIndependentTargetsInParallel = YES;
				LastUpgradeCheck = 1430;
				TargetAttributes = {
					3FC1662334A1E6DEEAE58A85 = {
						DevelopmentTeam = 89ZFGW6H88;
					};
					DB2EB0DCAA6C1CA736C252F8 = {
						TestTargetID = 3FC1662334A1E6DEEAE58A85;
					};
				};
			};
			buildConfigurationList = 3CAA54B87D15B4D634C20113 /* Build configuration list for PBXProject "AIRecorder" */;
			compatibilityVersion = "Xcode 14.0";
			developmentRegion = en;
			hasScannedForEncodings = 0;
			knownRegions = (
				Base,
				en,
			);
			mainGroup = 2F9423BE9113C743AD8AB53B;
			minimizedProjectReferenceProxies = 1;
			preferredProjectObjectVersion = 77;
			projectDirPath = "";
			projectRoot = "";
			targets = (
				3FC1662334A1E6DEEAE58A85 /* AIRecorder */,
				6F2595D29F8CF340FA5019F3 /* AIRecorderTests */,
				DB2EB0DCAA6C1CA736C252F8 /* AIRecorderUITests */,
			);
		};
/* End PBXProject section */

/* Begin PBXSourcesBuildPhase section */
		467CDE8A92A9F6F58DDEEBE0 /* Sources */ = {
			isa = PBXSourcesBuildPhase;
			buildActionMask = 2147483647;
			files = (
				3F037FD6C69FCD763A46ADD5 /* AIRecorderApp.swift in Sources */,
				FCCBC24E984968FF4B1BF3E4 /* AudioDetailView.swift in Sources */,
				67B353EAA56DB18945CDC8BD /* AudioFileStore.swift in Sources */,
				A9A1CE9D116B0B5D72F9CA31 /* AudioItem.swift in Sources */,
				839665E4B1E2BACD9049F3A4 /* AudioRepository.swift in Sources */,
				C4816B26E9AC38AEFFE941D8 /* AudioVerifier.swift in Sources */,
				049E4C67911E1A282DBA9D27 /* CaptureCoordinator.swift in Sources */,
				783893EAD23C76DDA3E7F597 /* CaptureProofModel.swift in Sources */,
				D6F248EA92BCC4AC1AC312B9 /* CaptureProofStore.swift in Sources */,
				76958712A9D76FF103015F71 /* CaptureProofView.swift in Sources */,
				F351C99542064986CEB58B78 /* FragmentedM4ARecorder.swift in Sources */,
				26676C86AA276D478C601726 /* LocalAudioState.swift in Sources */,
				CB2CFB0462948499C5CAFE00 /* LocalPlaybackModel.swift in Sources */,
				D370707D8EABDFF92D8F82CF /* Marker.swift in Sources */,
				C093D1215FB6E404E32A4BFF /* OriginalAudioInspector.swift in Sources */,
				10840328D498AA3608758FF9 /* PreparationView.swift in Sources */,
				3D7452EBADD686A951B8D92D /* RecordingView.swift in Sources */,
				CA0ACA3894B5DFECE6E85493 /* RecoveryService.swift in Sources */,
				F443CD9F96C9D66113BC52F8 /* RootView.swift in Sources */,
			);
			runOnlyForDeploymentPostprocessing = 0;
		};
		7DAF59102DDA899BEB5F72EA /* Sources */ = {
			isa = PBXSourcesBuildPhase;
			buildActionMask = 2147483647;
			files = (
				28BF01FF3D5D080EBF8226DA /* AppConfigurationTests.swift in Sources */,
				38EC2416D23D7569068403B9 /* AudioRepositoryTests.swift in Sources */,
				51C66B708B47A9281643E92C /* AudioVerifierTests.swift in Sources */,
				F6F71F2275F772BE932F2DF7 /* CaptureCoordinatorTests.swift in Sources */,
				307AD4080336091019CEDB3B /* CaptureProofStoreTests.swift in Sources */,
				1E35747E79B51CE62D1352FA /* LocalPlaybackModelTests.swift in Sources */,
				A5EDC2F7911518DE03A5CCAF /* MarkerTests.swift in Sources */,
				6FB8D53C5B1BDC3BC34D001F /* OriginalAudioInspectorTests.swift in Sources */,
				FDF5B8ED2EE88C43F1D262EF /* RecoveryServiceTests.swift in Sources */,
			);
			runOnlyForDeploymentPostprocessing = 0;
		};
		D3F1FE8B7621B93EB274ADCA /* Sources */ = {
			isa = PBXSourcesBuildPhase;
			buildActionMask = 2147483647;
			files = (
				F383A72D04ABA84F23D950DB /* LocalRecordingFlowUITests.swift in Sources */,
			);
			runOnlyForDeploymentPostprocessing = 0;
		};
/* End PBXSourcesBuildPhase section */

/* Begin PBXTargetDependency section */
		02A4C27682E5665EAD80F99D /* PBXTargetDependency */ = {
			isa = PBXTargetDependency;
			target = 3FC1662334A1E6DEEAE58A85 /* AIRecorder */;
			targetProxy = 3A498CCEB1785F4D3A6103D8 /* PBXContainerItemProxy */;
		};
		5EC01A4AB85C850E6B1DEA84 /* PBXTargetDependency */ = {
			isa = PBXTargetDependency;
			target = 3FC1662334A1E6DEEAE58A85 /* AIRecorder */;
			targetProxy = 4241E72E97CFB04F5535A945 /* PBXContainerItemProxy */;
		};
/* End PBXTargetDependency section */

/* Begin XCBuildConfiguration section */
		16330E3826BB375EBE3879FD /* Release */ = {
			isa = XCBuildConfiguration;
			buildSettings = {
				ALWAYS_SEARCH_USER_PATHS = NO;
				CLANG_ANALYZER_NONNULL = YES;
				CLANG_ANALYZER_NUMBER_OBJECT_CONVERSION = YES_AGGRESSIVE;
				CLANG_CXX_LANGUAGE_STANDARD = "gnu++14";
				CLANG_CXX_LIBRARY = "libc++";
				CLANG_ENABLE_MODULES = YES;
				CLANG_ENABLE_OBJC_ARC = YES;
				CLANG_ENABLE_OBJC_WEAK = YES;
				CLANG_WARN_BLOCK_CAPTURE_AUTORELEASING = YES;
				CLANG_WARN_BOOL_CONVERSION = YES;
				CLANG_WARN_COMMA = YES;
				CLANG_WARN_CONSTANT_CONVERSION = YES;
				CLANG_WARN_DEPRECATED_OBJC_IMPLEMENTATIONS = YES;
				CLANG_WARN_DIRECT_OBJC_ISA_USAGE = YES_ERROR;
				CLANG_WARN_DOCUMENTATION_COMMENTS = YES;
				CLANG_WARN_EMPTY_BODY = YES;
				CLANG_WARN_ENUM_CONVERSION = YES;
				CLANG_WARN_INFINITE_RECURSION = YES;
				CLANG_WARN_INT_CONVERSION = YES;
				CLANG_WARN_NON_LITERAL_NULL_CONVERSION = YES;
				CLANG_WARN_OBJC_IMPLICIT_RETAIN_SELF = YES;
				CLANG_WARN_OBJC_LITERAL_CONVERSION = YES;
				CLANG_WARN_OBJC_ROOT_CLASS = YES_ERROR;
				CLANG_WARN_QUOTED_INCLUDE_IN_FRAMEWORK_HEADER = YES;
				CLANG_WARN_RANGE_LOOP_ANALYSIS = YES;
				CLANG_WARN_STRICT_PROTOTYPES = YES;
				CLANG_WARN_SUSPICIOUS_MOVE = YES;
				CLANG_WARN_UNGUARDED_AVAILABILITY = YES_AGGRESSIVE;
				CLANG_WARN_UNREACHABLE_CODE = YES;
				CLANG_WARN__DUPLICATE_METHOD_MATCH = YES;
				COPY_PHASE_STRIP = NO;
				DEBUG_INFORMATION_FORMAT = "dwarf-with-dsym";
				ENABLE_NS_ASSERTIONS = NO;
				ENABLE_STRICT_OBJC_MSGSEND = YES;
				GCC_C_LANGUAGE_STANDARD = gnu11;
				GCC_NO_COMMON_BLOCKS = YES;
				GCC_WARN_64_TO_32_BIT_CONVERSION = YES;
				GCC_WARN_ABOUT_RETURN_TYPE = YES_ERROR;
				GCC_WARN_UNDECLARED_SELECTOR = YES;
				GCC_WARN_UNINITIALIZED_AUTOS = YES_AGGRESSIVE;
				GCC_WARN_UNUSED_FUNCTION = YES;
				GCC_WARN_UNUSED_VARIABLE = YES;
				IPHONEOS_DEPLOYMENT_TARGET = 17.0;
				MTL_ENABLE_DEBUG_INFO = NO;
				MTL_FAST_MATH = YES;
				PRODUCT_NAME = "$(TARGET_NAME)";
				SDKROOT = iphoneos;
				SWIFT_COMPILATION_MODE = wholemodule;
				SWIFT_OPTIMIZATION_LEVEL = "-O";
				SWIFT_VERSION = 6.0;
			};
			name = Release;
		};
		29C5622E6796532BCBC92ABB /* Release */ = {
			isa = XCBuildConfiguration;
			buildSettings = {
				BUNDLE_LOADER = "$(TEST_HOST)";
				CODE_SIGNING_ALLOWED = NO;
				CODE_SIGNING_REQUIRED = NO;
				GENERATE_INFOPLIST_FILE = NO;
				INFOPLIST_FILE = AIRecorderTests/Info.plist;
				LD_RUNPATH_SEARCH_PATHS = (
					"$(inherited)",
					"@executable_path/Frameworks",
					"@loader_path/Frameworks",
				);
				PRODUCT_BUNDLE_IDENTIFIER = com.danielmartorell.AIRecorderTests;
				SDKROOT = iphoneos;
				SWIFT_EMIT_LOC_STRINGS = NO;
				TARGETED_DEVICE_FAMILY = "1,2";
				TEST_HOST = "$(BUILT_PRODUCTS_DIR)/AIRecorder.app/AIRecorder";
			};
			name = Release;
		};
		353E612A0A6AF2649224BB42 /* Debug */ = {
			isa = XCBuildConfiguration;
			buildSettings = {
				ALWAYS_SEARCH_USER_PATHS = NO;
				CLANG_ANALYZER_NONNULL = YES;
				CLANG_ANALYZER_NUMBER_OBJECT_CONVERSION = YES_AGGRESSIVE;
				CLANG_CXX_LANGUAGE_STANDARD = "gnu++14";
				CLANG_CXX_LIBRARY = "libc++";
				CLANG_ENABLE_MODULES = YES;
				CLANG_ENABLE_OBJC_ARC = YES;
				CLANG_ENABLE_OBJC_WEAK = YES;
				CLANG_WARN_BLOCK_CAPTURE_AUTORELEASING = YES;
				CLANG_WARN_BOOL_CONVERSION = YES;
				CLANG_WARN_COMMA = YES;
				CLANG_WARN_CONSTANT_CONVERSION = YES;
				CLANG_WARN_DEPRECATED_OBJC_IMPLEMENTATIONS = YES;
				CLANG_WARN_DIRECT_OBJC_ISA_USAGE = YES_ERROR;
				CLANG_WARN_DOCUMENTATION_COMMENTS = YES;
				CLANG_WARN_EMPTY_BODY = YES;
				CLANG_WARN_ENUM_CONVERSION = YES;
				CLANG_WARN_INFINITE_RECURSION = YES;
				CLANG_WARN_INT_CONVERSION = YES;
				CLANG_WARN_NON_LITERAL_NULL_CONVERSION = YES;
				CLANG_WARN_OBJC_IMPLICIT_RETAIN_SELF = YES;
				CLANG_WARN_OBJC_LITERAL_CONVERSION = YES;
				CLANG_WARN_OBJC_ROOT_CLASS = YES_ERROR;
				CLANG_WARN_QUOTED_INCLUDE_IN_FRAMEWORK_HEADER = YES;
				CLANG_WARN_RANGE_LOOP_ANALYSIS = YES;
				CLANG_WARN_STRICT_PROTOTYPES = YES;
				CLANG_WARN_SUSPICIOUS_MOVE = YES;
				CLANG_WARN_UNGUARDED_AVAILABILITY = YES_AGGRESSIVE;
				CLANG_WARN_UNREACHABLE_CODE = YES;
				CLANG_WARN__DUPLICATE_METHOD_MATCH = YES;
				COPY_PHASE_STRIP = NO;
				DEBUG_INFORMATION_FORMAT = dwarf;
				ENABLE_STRICT_OBJC_MSGSEND = YES;
				ENABLE_TESTABILITY = YES;
				GCC_C_LANGUAGE_STANDARD = gnu11;
				GCC_DYNAMIC_NO_PIC = NO;
				GCC_NO_COMMON_BLOCKS = YES;
				GCC_OPTIMIZATION_LEVEL = 0;
				GCC_PREPROCESSOR_DEFINITIONS = (
					"$(inherited)",
					"DEBUG=1",
				);
				GCC_WARN_64_TO_32_BIT_CONVERSION = YES;
				GCC_WARN_ABOUT_RETURN_TYPE = YES_ERROR;
				GCC_WARN_UNDECLARED_SELECTOR = YES;
				GCC_WARN_UNINITIALIZED_AUTOS = YES_AGGRESSIVE;
				GCC_WARN_UNUSED_FUNCTION = YES;
				GCC_WARN_UNUSED_VARIABLE = YES;
				IPHONEOS_DEPLOYMENT_TARGET = 17.0;
				MTL_ENABLE_DEBUG_INFO = INCLUDE_SOURCE;
				MTL_FAST_MATH = YES;
				ONLY_ACTIVE_ARCH = YES;
				PRODUCT_NAME = "$(TARGET_NAME)";
				SDKROOT = iphoneos;
				SWIFT_ACTIVE_COMPILATION_CONDITIONS = DEBUG;
				SWIFT_OPTIMIZATION_LEVEL = "-Onone";
				SWIFT_VERSION = 6.0;
			};
			name = Debug;
		};
		49AE3C0DA5F436B55D6AC130 /* Debug */ = {
			isa = XCBuildConfiguration;
			buildSettings = {
				ASSETCATALOG_COMPILER_APPICON_NAME = AppIcon;
				CODE_SIGN_IDENTITY = "iPhone Developer";
				DEVELOPMENT_TEAM = 89ZFGW6H88;
				GENERATE_INFOPLIST_FILE = NO;
				INFOPLIST_FILE = AIRecorder/App/Info.plist;
				LD_RUNPATH_SEARCH_PATHS = (
					"$(inherited)",
					"@executable_path/Frameworks",
				);
				PRODUCT_BUNDLE_IDENTIFIER = com.danielmartorell.AIRecorder;
				SDKROOT = iphoneos;
				TARGETED_DEVICE_FAMILY = "1,2";
			};
			name = Debug;
		};
		62FCD7AA75873D81F49CDB1B /* Debug */ = {
			isa = XCBuildConfiguration;
			buildSettings = {
				BUNDLE_LOADER = "$(TEST_HOST)";
				CODE_SIGNING_ALLOWED = NO;
				CODE_SIGNING_REQUIRED = NO;
				GENERATE_INFOPLIST_FILE = YES;
				LD_RUNPATH_SEARCH_PATHS = (
					"$(inherited)",
					"@executable_path/Frameworks",
					"@loader_path/Frameworks",
				);
				PRODUCT_BUNDLE_IDENTIFIER = com.danielmartorell.AIRecorderUITests;
				SDKROOT = iphoneos;
				TARGETED_DEVICE_FAMILY = "1,2";
				TEST_TARGET_NAME = AIRecorder;
			};
			name = Debug;
		};
		CAA17B6FAEF9A723C972D89D /* Release */ = {
			isa = XCBuildConfiguration;
			buildSettings = {
				BUNDLE_LOADER = "$(TEST_HOST)";
				CODE_SIGNING_ALLOWED = NO;
				CODE_SIGNING_REQUIRED = NO;
				GENERATE_INFOPLIST_FILE = YES;
				LD_RUNPATH_SEARCH_PATHS = (
					"$(inherited)",
					"@executable_path/Frameworks",
					"@loader_path/Frameworks",
				);
				PRODUCT_BUNDLE_IDENTIFIER = com.danielmartorell.AIRecorderUITests;
				SDKROOT = iphoneos;
				TARGETED_DEVICE_FAMILY = "1,2";
				TEST_TARGET_NAME = AIRecorder;
			};
			name = Release;
		};
		DFDDEB42705BBDD2C0FB7757 /* Debug */ = {
			isa = XCBuildConfiguration;
			buildSettings = {
				BUNDLE_LOADER = "$(TEST_HOST)";
				CODE_SIGNING_ALLOWED = NO;
				CODE_SIGNING_REQUIRED = NO;
				GENERATE_INFOPLIST_FILE = NO;
				INFOPLIST_FILE = AIRecorderTests/Info.plist;
				LD_RUNPATH_SEARCH_PATHS = (
					"$(inherited)",
					"@executable_path/Frameworks",
					"@loader_path/Frameworks",
				);
				PRODUCT_BUNDLE_IDENTIFIER = com.danielmartorell.AIRecorderTests;
				SDKROOT = iphoneos;
				SWIFT_EMIT_LOC_STRINGS = NO;
				TARGETED_DEVICE_FAMILY = "1,2";
				TEST_HOST = "$(BUILT_PRODUCTS_DIR)/AIRecorder.app/AIRecorder";
			};
			name = Debug;
		};
		FF995E024FB53A96F2BAD2EB /* Release */ = {
			isa = XCBuildConfiguration;
			buildSettings = {
				ASSETCATALOG_COMPILER_APPICON_NAME = AppIcon;
				CODE_SIGN_IDENTITY = "iPhone Developer";
				DEVELOPMENT_TEAM = 89ZFGW6H88;
				GENERATE_INFOPLIST_FILE = NO;
				INFOPLIST_FILE = AIRecorder/App/Info.plist;
				LD_RUNPATH_SEARCH_PATHS = (
					"$(inherited)",
					"@executable_path/Frameworks",
				);
				PRODUCT_BUNDLE_IDENTIFIER = com.danielmartorell.AIRecorder;
				SDKROOT = iphoneos;
				TARGETED_DEVICE_FAMILY = "1,2";
			};
			name = Release;
		};
/* End XCBuildConfiguration section */

/* Begin XCConfigurationList section */
		332FAF10E997D779BE7C831D /* Build configuration list for PBXNativeTarget "AIRecorderTests" */ = {
			isa = XCConfigurationList;
			buildConfigurations = (
				DFDDEB42705BBDD2C0FB7757 /* Debug */,
				29C5622E6796532BCBC92ABB /* Release */,
			);
			defaultConfigurationIsVisible = 0;
			defaultConfigurationName = Debug;
		};
		3CAA54B87D15B4D634C20113 /* Build configuration list for PBXProject "AIRecorder" */ = {
			isa = XCConfigurationList;
			buildConfigurations = (
				353E612A0A6AF2649224BB42 /* Debug */,
				16330E3826BB375EBE3879FD /* Release */,
			);
			defaultConfigurationIsVisible = 0;
			defaultConfigurationName = Debug;
		};
		9CECE7632899B1F7A4C600C0 /* Build configuration list for PBXNativeTarget "AIRecorder" */ = {
			isa = XCConfigurationList;
			buildConfigurations = (
				49AE3C0DA5F436B55D6AC130 /* Debug */,
				FF995E024FB53A96F2BAD2EB /* Release */,
			);
			defaultConfigurationIsVisible = 0;
			defaultConfigurationName = Debug;
		};
		A6E37FC1EF4C6213A8BD2D1F /* Build configuration list for PBXNativeTarget "AIRecorderUITests" */ = {
			isa = XCConfigurationList;
			buildConfigurations = (
				62FCD7AA75873D81F49CDB1B /* Debug */,
				CAA17B6FAEF9A723C972D89D /* Release */,
			);
			defaultConfigurationIsVisible = 0;
			defaultConfigurationName = Debug;
		};
/* End XCConfigurationList section */
	};
	rootObject = 7ABACEACAC34A1A358469793 /* Project object */;
}
